// !$*UTF8*$!
{
	archiveVersion = 1;
	classes = {
	};
	objectVersion = 55;
	objects = {

/* Begin PBXBuildFile section */
		B03FFE0B2951C7200089EF7F /* Main.storyboard in Resources */ = {isa = PBXBuildFile; fileRef = B03FFE0A2951C7200089EF7F /* Main.storyboard */; };
		B03FFE0D2951C7350089EF7F /* GCDViewController.swift in Sources */ = {isa = PBXBuildFile; fileRef = B03FFE0C2951C7350089EF7F /* GCDViewController.swift */; };
		B03FFE0F2951FBD40089EF7F /* Helper.swift in Sources */ = {isa = PBXBuildFile; fileRef = B03FFE0E2951FBD40089EF7F /* Helper.swift */; };
		B03FFE122952050C0089EF7F /* spinnergif.gif in Resources */ = {isa = PBXBuildFile; fileRef = B03FFE112952050C0089EF7F /* spinnergif.gif */; };
		B03FFE1529531CB50089EF7F /* USMain.storyboard in Resources */ = {isa = PBXBuildFile; fileRef = B03FFE1429531CB50089EF7F /* USMain.storyboard */; };
		B03FFE1729531CC60089EF7F /* URLSessionViewController.swift in Sources */ = {isa = PBXBuildFile; fileRef = B03FFE1629531CC60089EF7F /* URLSessionViewController.swift */; };
		B03FFE192953250A0089EF7F /* CurrentPrice.swift in Sources */ = {isa = PBXBuildFile; fileRef = B03FFE182953250A0089EF7F /* CurrentPrice.swift */; };
		B03FFE1C295498B90089EF7F /* CDMain.storyboard in Resources */ = {isa = PBXBuildFile; fileRef = B03FFE1B295498B90089EF7F /* CDMain.storyboard */; };
		B03FFE1E295498C60089EF7F /* CoreDataViewController.swift in Sources */ = {isa = PBXBuildFile; fileRef = B03FFE1D295498C60089EF7F /* CoreDataViewController.swift */; };
		B03FFE2329549AF70089EF7F /* TodoList.xcdatamodeld in Sources */ = {isa = PBXBuildFile; fileRef = B03FFE2129549AF70089EF7F /* TodoList.xcdatamodeld */; };
		B03FFE2B2955D89B0089EF7F /* NotificationViewController.swift in Sources */ = {isa = PBXBuildFile; fileRef = B03FFE292955D89B0089EF7F /* NotificationViewController.swift */; };
		B03FFE2E2955D9670089EF7F /* NMain.storyboard in Resources */ = {isa = PBXBuildFile; fileRef = B03FFE2D2955D9670089EF7F /* NMain.storyboard */; };
		B04F5EFB29BA3C2C0047725D /* PMain.storyboard in Resources */ = {isa = PBXBuildFile; fileRef = B04F5EFA29BA3C2C0047725D /* PMain.storyboard */; };
		B04F5EFD29BA3C540047725D /* PViewController.swift in Sources */ = {isa = PBXBuildFile; fileRef = B04F5EFC29BA3C540047725D /* PViewController.swift */; };
		B0797D7A2951B2B300FE9934 /* AppDelegate.swift in Sources */ = {isa = PBXBuildFile; fileRef = B0797D792951B2B300FE9934 /* AppDelegate.swift */; };
		B0797D7C2951B2B300FE9934 /* SceneDelegate.swift in Sources */ = {isa = PBXBuildFile; fileRef = B0797D7B2951B2B300FE9934 /* SceneDelegate.swift */; };
		B0797D832951B2B500FE9934 /* Assets.xcassets in Resources */ = {isa = PBXBuildFile; fileRef = B0797D822951B2B500FE9934 /* Assets.xcassets */; };
		B0797D862951B2B500FE9934 /* LaunchScreen.storyboard in Resources */ = {isa = PBXBuildFile; fileRef = B0797D842951B2B500FE9934 /* LaunchScreen.storyboard */; };
		B0797D912951B2B500FE9934 /* swiftTests.swift in Sources */ = {isa = PBXBuildFile; fileRef = B0797D902951B2B500FE9934 /* swiftTests.swift */; };
		B0797D9B2951B2B500FE9934 /* swiftUITests.swift in Sources */ = {isa = PBXBuildFile; fileRef = B0797D9A2951B2B500FE9934 /* swiftUITests.swift */; };
		B0797D9D2951B2B500FE9934 /* swiftUITestsLaunchTests.swift in Sources */ = {isa = PBXBuildFile; fileRef = B0797D9C2951B2B500FE9934 /* swiftUITestsLaunchTests.swift */; };
		B0FB14052959E68A004FAA60 /* Pet.swift in Sources */ = {isa = PBXBuildFile; fileRef = B0FB14042959E68A004FAA60 /* Pet.swift */; };
		B0FB14082959E715004FAA60 /* MMain.storyboard in Resources */ = {isa = PBXBuildFile; fileRef = B0FB14072959E715004FAA60 /* MMain.storyboard */; };
		B0FB140B2959E85F004FAA60 /* MViewController.swift in Sources */ = {isa = PBXBuildFile; fileRef = B0FB140A2959E85F004FAA60 /* MViewController.swift */; };
		B0FB1413295B394E004FAA60 /* CVMain.storyboard in Resources */ = {isa = PBXBuildFile; fileRef = B0FB1412295B394E004FAA60 /* CVMain.storyboard */; };
		B0FB1415295B3A97004FAA60 /* CVViewController.swift in Sources */ = {isa = PBXBuildFile; fileRef = B0FB1414295B3A97004FAA60 /* CVViewController.swift */; };
		B0FB1417295B45FF004FAA60 /* TicTacToeCell.swift in Sources */ = {isa = PBXBuildFile; fileRef = B0FB1416295B45FE004FAA60 /* TicTacToeCell.swift */; };
/* End PBXBuildFile section */

/* Begin PBXContainerItemProxy section */
		B0797D8D2951B2B500FE9934 /* PBXContainerItemProxy */ = {
			isa = PBXContainerItemProxy;
			containerPortal = B0797D6E2951B2B300FE9934 /* Project object */;
			proxyType = 1;
			remoteGlobalIDString = B0797D752951B2B300FE9934;
			remoteInfo = swift;
		};
		B0797D972951B2B500FE9934 /* PBXContainerItemProxy */ = {
			isa = PBXContainerItemProxy;
			containerPortal = B0797D6E2951B2B300FE9934 /* Project object */;
			proxyType = 1;
			remoteGlobalIDString = B0797D752951B2B300FE9934;
			remoteInfo = swift;
		};
/* End PBXContainerItemProxy section */

/* Begin PBXFileReference section */
		B03FFE0A2951C7200089EF7F /* Main.storyboard */ = {isa = PBXFileReference; lastKnownFileType = file.storyboard; path = Main.storyboard; sourceTree = "<group>"; };
		B03FFE0C2951C7350089EF7F /* GCDViewController.swift */ = {isa = PBXFileReference; lastKnownFileType = sourcecode.swift; path = GCDViewController.swift; sourceTree = "<group>"; };
		B03FFE0E2951FBD40089EF7F /* Helper.swift */ = {isa = PBXFileReference; lastKnownFileType = sourcecode.swift; path = Helper.swift; sourceTree = "<group>"; };
		B03FFE112952050C0089EF7F /* spinnergif.gif */ = {isa = PBXFileReference; lastKnownFileType = image.gif; path = spinnergif.gif; sourceTree = "<group>"; };
		B03FFE1429531CB50089EF7F /* USMain.storyboard */ = {isa = PBXFileReference; lastKnownFileType = file.storyboard; path = USMain.storyboard; sourceTree = "<group>"; };
		B03FFE1629531CC60089EF7F /* URLSessionViewController.swift */ = {isa = PBXFileReference; lastKnownFileType = sourcecode.swift; path = URLSessionViewController.swift; sourceTree = "<group>"; };
		B03FFE182953250A0089EF7F /* CurrentPrice.swift */ = {isa = PBXFileReference; lastKnownFileType = sourcecode.swift; path = CurrentPrice.swift; sourceTree = "<group>"; };
		B03FFE1B295498B90089EF7F /* CDMain.storyboard */ = {isa = PBXFileReference; lastKnownFileType = file.storyboard; path = CDMain.storyboard; sourceTree = "<group>"; };
		B03FFE1D295498C60089EF7F /* CoreDataViewController.swift */ = {isa = PBXFileReference; lastKnownFileType = sourcecode.swift; path = CoreDataViewController.swift; sourceTree = "<group>"; };
		B03FFE2229549AF70089EF7F /* TodoList.xcdatamodel */ = {isa = PBXFileReference; lastKnownFileType = wrapper.xcdatamodel; path = TodoList.xcdatamodel; sourceTree = "<group>"; };
		B03FFE292955D89B0089EF7F /* NotificationViewController.swift */ = {isa = PBXFileReference; lastKnownFileType = sourcecode.swift; path = NotificationViewController.swift; sourceTree = "<group>"; };
		B03FFE2D2955D9670089EF7F /* NMain.storyboard */ = {isa = PBXFileReference; lastKnownFileType = file.storyboard; path = NMain.storyboard; sourceTree = "<group>"; };
		B04F5EFA29BA3C2C0047725D /* PMain.storyboard */ = {isa = PBXFileReference; lastKnownFileType = file.storyboard; path = PMain.storyboard; sourceTree = "<group>"; };
		B04F5EFC29BA3C540047725D /* PViewController.swift */ = {isa = PBXFileReference; lastKnownFileType = sourcecode.swift; path = PViewController.swift; sourceTree = "<group>"; };
		B0797D762951B2B300FE9934 /* swift.app */ = {isa = PBXFileReference; explicitFileType = wrapper.application; includeInIndex = 0; path = swift.app; sourceTree = BUILT_PRODUCTS_DIR; };
		B0797D792951B2B300FE9934 /* AppDelegate.swift */ = {isa = PBXFileReference; lastKnownFileType = sourcecode.swift; path = AppDelegate.swift; sourceTree = "<group>"; };
		B0797D7B2951B2B300FE9934 /* SceneDelegate.swift */ = {isa = PBXFileReference; lastKnownFileType = sourcecode.swift; path = SceneDelegate.swift; sourceTree = "<group>"; };
		B0797D822951B2B500FE9934 /* Assets.xcassets */ = {isa = PBXFileReference; lastKnownFileType = folder.assetcatalog; path = Assets.xcassets; sourceTree = "<group>"; };
		B0797D852951B2B500FE9934 /* Base */ = {isa = PBXFileReference; lastKnownFileType = file.storyboard; name = Base; path = Base.lproj/LaunchScreen.storyboard; sourceTree = "<group>"; };
		B0797D872951B2B500FE9934 /* Info.plist */ = {isa = PBXFileReference; lastKnownFileType = text.plist.xml; path = Info.plist; sourceTree = "<group>"; };
		B0797D8C2951B2B500FE9934 /* swiftTests.xctest */ = {isa = PBXFileReference; explicitFileType = wrapper.cfbundle; includeInIndex = 0; path = swiftTests.xctest; sourceTree = BUILT_PRODUCTS_DIR; };
		B0797D902951B2B500FE9934 /* swiftTests.swift */ = {isa = PBXFileReference; lastKnownFileType = sourcecode.swift; path = swiftTests.swift; sourceTree = "<group>"; };
		B0797D962951B2B500FE9934 /* swiftUITests.xctest */ = {isa = PBXFileReference; explicitFileType = wrapper.cfbundle; includeInIndex = 0; path = swiftUITests.xctest; sourceTree = BUILT_PRODUCTS_DIR; };
		B0797D9A2951B2B500FE9934 /* swiftUITests.swift */ = {isa = PBXFileReference; lastKnownFileType = sourcecode.swift; path = swiftUITests.swift; sourceTree = "<group>"; };
		B0797D9C2951B2B500FE9934 /* swiftUITestsLaunchTests.swift */ = {isa = PBXFileReference; lastKnownFileType = sourcecode.swift; path = swiftUITestsLaunchTests.swift; sourceTree = "<group>"; };
		B0FB14042959E68A004FAA60 /* Pet.swift */ = {isa = PBXFileReference; lastKnownFileType = sourcecode.swift; path = Pet.swift; sourceTree = "<group>"; };
		B0FB14072959E715004FAA60 /* MMain.storyboard */ = {isa = PBXFileReference; lastKnownFileType = file.storyboard; path = MMain.storyboard; sourceTree = "<group>"; };
		B0FB140A2959E85F004FAA60 /* MViewController.swift */ = {isa = PBXFileReference; lastKnownFileType = sourcecode.swift; path = MViewController.swift; sourceTree = "<group>"; };
		B0FB1412295B394E004FAA60 /* CVMain.storyboard */ = {isa = PBXFileReference; lastKnownFileType = file.storyboard; path = CVMain.storyboard; sourceTree = "<group>"; };
		B0FB1414295B3A97004FAA60 /* CVViewController.swift */ = {isa = PBXFileReference; lastKnownFileType = sourcecode.swift; path = CVViewController.swift; sourceTree = "<group>"; };
		B0FB1416295B45FE004FAA60 /* TicTacToeCell.swift */ = {isa = PBXFileReference; lastKnownFileType = sourcecode.swift; path = TicTacToeCell.swift; sourceTree = "<group>"; };
/* End PBXFileReference section */

/* Begin PBXFrameworksBuildPhase section */
		B0797D732951B2B300FE9934 /* Frameworks */ = {
			isa = PBXFrameworksBuildPhase;
			buildActionMask = 2147483647;
			files = (
			);
			runOnlyForDeploymentPostprocessing = 0;
		};
		B0797D892951B2B500FE9934 /* Frameworks */ = {
			isa = PBXFrameworksBuildPhase;
			buildActionMask = 2147483647;
			files = (
			);
			runOnlyForDeploymentPostprocessing = 0;
		};
		B0797D932951B2B500FE9934 /* Frameworks */ = {
			isa = PBXFrameworksBuildPhase;
			buildActionMask = 2147483647;
			files = (
			);
			runOnlyForDeploymentPostprocessing = 0;
		};
/* End PBXFrameworksBuildPhase section */

/* Begin PBXGroup section */
		B03FFE092951C6B00089EF7F /* grand-central-dispatch */ = {
			isa = PBXGroup;
			children = (
				B03FFE0A2951C7200089EF7F /* Main.storyboard */,
				B03FFE0C2951C7350089EF7F /* GCDViewController.swift */,
				B03FFE0E2951FBD40089EF7F /* Helper.swift */,
			);
			path = "grand-central-dispatch";
			sourceTree = "<group>";
		};
		B03FFE10295204F20089EF7F /* gif */ = {
			isa = PBXGroup;
			children = (
				B03FFE112952050C0089EF7F /* spinnergif.gif */,
			);
			path = gif;
			sourceTree = "<group>";
		};
		B03FFE13295319FD0089EF7F /* url-session */ = {
			isa = PBXGroup;
			children = (
				B03FFE1429531CB50089EF7F /* USMain.storyboard */,
				B03FFE1629531CC60089EF7F /* URLSessionViewController.swift */,
				B03FFE182953250A0089EF7F /* CurrentPrice.swift */,
			);
			path = "url-session";
			sourceTree = "<group>";
		};
		B03FFE1A295482D30089EF7F /* core-data */ = {
			isa = PBXGroup;
			children = (
				B03FFE1B295498B90089EF7F /* CDMain.storyboard */,
				B03FFE1D295498C60089EF7F /* CoreDataViewController.swift */,
				B03FFE2129549AF70089EF7F /* TodoList.xcdatamodeld */,
			);
			path = "core-data";
			sourceTree = "<group>";
		};
		B03FFE282955D7140089EF7F /* Notification */ = {
			isa = PBXGroup;
			children = (
				B03FFE292955D89B0089EF7F /* NotificationViewController.swift */,
				B03FFE2D2955D9670089EF7F /* NMain.storyboard */,
			);
			path = Notification;
			sourceTree = "<group>";
		};
		B04F5EF929BA3BFD0047725D /* preprocessing */ = {
			isa = PBXGroup;
			children = (
				B04F5EFA29BA3C2C0047725D /* PMain.storyboard */,
				B04F5EFC29BA3C540047725D /* PViewController.swift */,
			);
			path = preprocessing;
			sourceTree = "<group>";
		};
		B0797D6D2951B2B300FE9934 = {
			isa = PBXGroup;
			children = (
				B0797D782951B2B300FE9934 /* swift */,
				B0797D8F2951B2B500FE9934 /* swiftTests */,
				B0797D992951B2B500FE9934 /* swiftUITests */,
				B0797D772951B2B300FE9934 /* Products */,
			);
			sourceTree = "<group>";
		};
		B0797D772951B2B300FE9934 /* Products */ = {
			isa = PBXGroup;
			children = (
				B0797D762951B2B300FE9934 /* swift.app */,
				B0797D8C2951B2B500FE9934 /* swiftTests.xctest */,
				B0797D962951B2B500FE9934 /* swiftUITests.xctest */,
			);
			name = Products;
			sourceTree = "<group>";
		};
		B0797D782951B2B300FE9934 /* swift */ = {
			isa = PBXGroup;
			children = (
				B04F5EF929BA3BFD0047725D /* preprocessing */,
				B0FB1411295B393E004FAA60 /* CollectionView */,
				B0FB14022959E66F004FAA60 /* Mvvm */,
				B03FFE282955D7140089EF7F /* Notification */,
				B03FFE1A295482D30089EF7F /* core-data */,
				B03FFE13295319FD0089EF7F /* url-session */,
				B03FFE10295204F20089EF7F /* gif */,
				B03FFE092951C6B00089EF7F /* grand-central-dispatch */,
				B0797D792951B2B300FE9934 /* AppDelegate.swift */,
				B0797D7B2951B2B300FE9934 /* SceneDelegate.swift */,
				B0797D822951B2B500FE9934 /* Assets.xcassets */,
				B0797D842951B2B500FE9934 /* LaunchScreen.storyboard */,
				B0797D872951B2B500FE9934 /* Info.plist */,
			);
			path = swift;
			sourceTree = "<group>";
		};
		B0797D8F2951B2B500FE9934 /* swiftTests */ = {
			isa = PBXGroup;
			children = (
				B0797D902951B2B500FE9934 /* swiftTests.swift */,
			);
			path = swiftTests;
			sourceTree = "<group>";
		};
		B0797D992951B2B500FE9934 /* swiftUITests */ = {
			isa = PBXGroup;
			children = (
				B0797D9A2951B2B500FE9934 /* swiftUITests.swift */,
				B0797D9C2951B2B500FE9934 /* swiftUITestsLaunchTests.swift */,
			);
			path = swiftUITests;
			sourceTree = "<group>";
		};
		B0FB14022959E66F004FAA60 /* Mvvm */ = {
			isa = PBXGroup;
			children = (
				B0FB14092959E84D004FAA60 /*  Controllers */,
				B0FB14062959E708004FAA60 /* Views */,
				B0FB14032959E676004FAA60 /* Model */,
			);
			path = Mvvm;
			sourceTree = "<group>";
		};
		B0FB14032959E676004FAA60 /* Model */ = {
			isa = PBXGroup;
			children = (
				B0FB14042959E68A004FAA60 /* Pet.swift */,
			);
			path = Model;
			sourceTree = "<group>";
		};
		B0FB14062959E708004FAA60 /* Views */ = {
			isa = PBXGroup;
			children = (
				B0FB14072959E715004FAA60 /* MMain.storyboard */,
			);
			path = Views;
			sourceTree = "<group>";
		};
		B0FB14092959E84D004FAA60 /*  Controllers */ = {
			isa = PBXGroup;
			children = (
				B0FB140A2959E85F004FAA60 /* MViewController.swift */,
			);
			path = " Controllers";
			sourceTree = "<group>";
		};
		B0FB1411295B393E004FAA60 /* CollectionView */ = {
			isa = PBXGroup;
			children = (
				B0FB1412295B394E004FAA60 /* CVMain.storyboard */,
				B0FB1414295B3A97004FAA60 /* CVViewController.swift */,
				B0FB1416295B45FE004FAA60 /* TicTacToeCell.swift */,
			);
			path = CollectionView;
			sourceTree = "<group>";
		};
/* End PBXGroup section */

/* Begin PBXNativeTarget section */
		B0797D752951B2B300FE9934 /* swift */ = {
			isa = PBXNativeTarget;
			buildConfigurationList = B0797DA02951B2B500FE9934 /* Build configuration list for PBXNativeTarget "swift" */;
			buildPhases = (
				B0797D722951B2B300FE9934 /* Sources */,
				B0797D732951B2B300FE9934 /* Frameworks */,
				B0797D742951B2B300FE9934 /* Resources */,
			);
			buildRules = (
			);
			dependencies = (
			);
			name = swift;
			productName = swift;
			productReference = B0797D762951B2B300FE9934 /* swift.app */;
			productType = "com.apple.product-type.application";
		};
		B0797D8B2951B2B500FE9934 /* swiftTests */ = {
			isa = PBXNativeTarget;
			buildConfigurationList = B0797DA32951B2B500FE9934 /* Build configuration list for PBXNativeTarget "swiftTests" */;
			buildPhases = (
				B0797D882951B2B500FE9934 /* Sources */,
				B0797D892951B2B500FE9934 /* Frameworks */,
				B0797D8A2951B2B500FE9934 /* Resources */,
			);
			buildRules = (
			);
			dependencies = (
				B0797D8E2951B2B500FE9934 /* PBXTargetDependency */,
			);
			name = swiftTests;
			productName = swiftTests;
			productReference = B0797D8C2951B2B500FE9934 /* swiftTests.xctest */;
			productType = "com.apple.product-type.bundle.unit-test";
		};
		B0797D952951B2B500FE9934 /* swiftUITests */ = {
			isa = PBXNativeTarget;
			buildConfigurationList = B0797DA62951B2B500FE9934 /* Build configuration list for PBXNativeTarget "swiftUITests" */;
			buildPhases = (
				B0797D922951B2B500FE9934 /* Sources */,
				B0797D932951B2B500FE9934 /* Frameworks */,
				B0797D942951B2B500FE9934 /* Resources */,
			);
			buildRules = (
			);
			dependencies = (
				B0797D982951B2B500FE9934 /* PBXTargetDependency */,
			);
			name = swiftUITests;
			productName = swiftUITests;
			productReference = B0797D962951B2B500FE9934 /* swiftUITests.xctest */;
			productType = "com.apple.product-type.bundle.ui-testing";
		};
/* End PBXNativeTarget section */

/* Begin PBXProject section */
		B0797D6E2951B2B300FE9934 /* Project object */ = {
			isa = PBXProject;
			attributes = {
				BuildIndependentTargetsInParallel = 1;
				LastSwiftUpdateCheck = 1340;
				LastUpgradeCheck = 1340;
				TargetAttributes = {
					B0797D752951B2B300FE9934 = {
						CreatedOnToolsVersion = 13.4;
					};
					B0797D8B2951B2B500FE9934 = {
						CreatedOnToolsVersion = 13.4;
						TestTargetID = B0797D752951B2B300FE9934;
					};
					B0797D952951B2B500FE9934 = {
						CreatedOnToolsVersion = 13.4;
						TestTargetID = B0797D752951B2B300FE9934;
					};
				};
			};
			buildConfigurationList = B0797D712951B2B300FE9934 /* Build configuration list for PBXProject "swift" */;
			compatibilityVersion = "Xcode 13.0";
			developmentRegion = en;
			hasScannedForEncodings = 0;
			knownRegions = (
				en,
				Base,
			);
			mainGroup = B0797D6D2951B2B300FE9934;
			productRefGroup = B0797D772951B2B300FE9934 /* Products */;
			projectDirPath = "";
			projectRoot = "";
			targets = (
				B0797D752951B2B300FE9934 /* swift */,
				B0797D8B2951B2B500FE9934 /* swiftTests */,
				B0797D952951B2B500FE9934 /* swiftUITests */,
			);
		};
/* End PBXProject section */

/* Begin PBXResourcesBuildPhase section */
		B0797D742951B2B300FE9934 /* Resources */ = {
			isa = PBXResourcesBuildPhase;
			buildActionMask = 2147483647;
			files = (
				B0797D862951B2B500FE9934 /* LaunchScreen.storyboard in Resources */,
				B0FB14082959E715004FAA60 /* MMain.storyboard in Resources */,
				B03FFE2E2955D9670089EF7F /* NMain.storyboard in Resources */,
				B03FFE1529531CB50089EF7F /* USMain.storyboard in Resources */,
				B03FFE1C295498B90089EF7F /* CDMain.storyboard in Resources */,
				B0797D832951B2B500FE9934 /* Assets.xcassets in Resources */,
				B04F5EFB29BA3C2C0047725D /* PMain.storyboard in Resources */,
				B03FFE122952050C0089EF7F /* spinnergif.gif in Resources */,
				B03FFE0B2951C7200089EF7F /* Main.storyboard in Resources */,
				B0FB1413295B394E004FAA60 /* CVMain.storyboard in Resources */,
			);
			runOnlyForDeploymentPostprocessing = 0;
		};
		B0797D8A2951B2B500FE9934 /* Resources */ = {
			isa = PBXResourcesBuildPhase;
			buildActionMask = 2147483647;
			files = (
			);
			runOnlyForDeploymentPostprocessing = 0;
		};
		B0797D942951B2B500FE9934 /* Resources */ = {
			isa = PBXResourcesBuildPhase;
			buildActionMask = 2147483647;
			files = (
			);
			runOnlyForDeploymentPostprocessing = 0;
		};
/* End PBXResourcesBuildPhase section */

/* Begin PBXSourcesBuildPhase section */
		B0797D722951B2B300FE9934 /* Sources */ = {
			isa = PBXSourcesBuildPhase;
			buildActionMask = 2147483647;
			files = (
				B0797D7A2951B2B300FE9934 /* AppDelegate.swift in Sources */,
				B0FB1415295B3A97004FAA60 /* CVViewController.swift in Sources */,
				B03FFE0F2951FBD40089EF7F /* Helper.swift in Sources */,
				B03FFE1729531CC60089EF7F /* URLSessionViewController.swift in Sources */,
				B03FFE1E295498C60089EF7F /* CoreDataViewController.swift in Sources */,
				B03FFE192953250A0089EF7F /* CurrentPrice.swift in Sources */,
				B0FB14052959E68A004FAA60 /* Pet.swift in Sources */,
				B04F5EFD29BA3C540047725D /* PViewController.swift in Sources */,
				B03FFE2B2955D89B0089EF7F /* NotificationViewController.swift in Sources */,
				B0FB140B2959E85F004FAA60 /* MViewController.swift in Sources */,
				B03FFE2329549AF70089EF7F /* TodoList.xcdatamodeld in Sources */,
				B0797D7C2951B2B300FE9934 /* SceneDelegate.swift in Sources */,
				B03FFE0D2951C7350089EF7F /* GCDViewController.swift in Sources */,
				B0FB1417295B45FF004FAA60 /* TicTacToeCell.swift in Sources */,
			);
			runOnlyForDeploymentPostprocessing = 0;
		};
		B0797D882951B2B500FE9934 /* Sources */ = {
			isa = PBXSourcesBuildPhase;
			buildActionMask = 2147483647;
			files = (
				B0797D912951B2B500FE9934 /* swiftTests.swift in Sources */,
			);
			runOnlyForDeploymentPostprocessing = 0;
		};
		B0797D922951B2B500FE9934 /* Sources */ = {
			isa = PBXSourcesBuildPhase;
			buildActionMask = 2147483647;
			files = (
				B0797D9D2951B2B500FE9934 /* swiftUITestsLaunchTests.swift in Sources */,
				B0797D9B2951B2B500FE9934 /* swiftUITests.swift in Sources */,
			);
			runOnlyForDeploymentPostprocessing = 0;
		};
/* End PBXSourcesBuildPhase section */

/* Begin PBXTargetDependency section */
		B0797D8E2951B2B500FE9934 /* PBXTargetDependency */ = {
			isa = PBXTargetDependency;
			target = B0797D752951B2B300FE9934 /* swift */;
			targetProxy = B0797D8D2951B2B500FE9934 /* PBXContainerItemProxy */;
		};
		B0797D982951B2B500FE9934 /* PBXTargetDependency */ = {
			isa = PBXTargetDependency;
			target = B0797D752951B2B300FE9934 /* swift */;
			targetProxy = B0797D972951B2B500FE9934 /* PBXContainerItemProxy */;
		};
/* End PBXTargetDependency section */

/* Begin PBXVariantGroup section */
		B0797D842951B2B500FE9934 /* LaunchScreen.storyboard */ = {
			isa = PBXVariantGroup;
			children = (
				B0797D852951B2B500FE9934 /* Base */,
			);
			name = LaunchScreen.storyboard;
			sourceTree = "<group>";
		};
/* End PBXVariantGroup section */

/* Begin XCBuildConfiguration section */
		B04F5EFE29BA3D080047725D /* Production */ = {
			isa = XCBuildConfiguration;
			buildSettings = {
				ALWAYS_SEARCH_USER_PATHS = NO;
				CLANG_ANALYZER_NONNULL = YES;
				CLANG_ANALYZER_NUMBER_OBJECT_CONVERSION = YES_AGGRESSIVE;
				CLANG_CXX_LANGUAGE_STANDARD = "gnu++17";
				CLANG_ENABLE_MODULES = YES;
				CLANG_ENABLE_OBJC_ARC = YES;
				CLANG_ENABLE_OBJC_WEAK = YES;
				CLANG_WARN_BLOCK_CAPTURE_AUTORELEASING = YES;
				CLANG_WARN_BOOL_CONVERSION = YES;
				CLANG_WARN_COMMA = YES;
				CLANG_WARN_CONSTANT_CONVERSION = YES;
				CLANG_WARN_DEPRECATED_OBJC_IMPLEMENTATIONS = YES;
				CLANG_WARN_DIRECT_OBJC_ISA_USAGE = YES_ERROR;
				CLANG_WARN_DOCUMENTATION_COMMENTS = YES;
				CLANG_WARN_EMPTY_BODY = YES;
				CLANG_WARN_ENUM_CONVERSION = YES;
				CLANG_WARN_INFINITE_RECURSION = YES;
				CLANG_WARN_INT_CONVERSION = YES;
				CLANG_WARN_NON_LITERAL_NULL_CONVERSION = YES;
				CLANG_WARN_OBJC_IMPLICIT_RETAIN_SELF = YES;
				CLANG_WARN_OBJC_LITERAL_CONVERSION = YES;
				CLANG_WARN_OBJC_ROOT_CLASS = YES_ERROR;
				CLANG_WARN_QUOTED_INCLUDE_IN_FRAMEWORK_HEADER = YES;
				CLANG_WARN_RANGE_LOOP_ANALYSIS = YES;
				CLANG_WARN_STRICT_PROTOTYPES = YES;
				CLANG_WARN_SUSPICIOUS_MOVE = YES;
				CLANG_WARN_UNGUARDED_AVAILABILITY = YES_AGGRESSIVE;
				CLANG_WARN_UNREACHABLE_CODE = YES;
				CLANG_WARN__DUPLICATE_METHOD_MATCH = YES;
				COPY_PHASE_STRIP = NO;
				DEBUG_INFORMATION_FORMAT = dwarf;
				ENABLE_STRICT_OBJC_MSGSEND = YES;
				ENABLE_TESTABILITY = YES;
				GCC_C_LANGUAGE_STANDARD = gnu11;
				GCC_DYNAMIC_NO_PIC = NO;
				GCC_NO_COMMON_BLOCKS = YES;
				GCC_OPTIMIZATION_LEVEL = 0;
				GCC_PREPROCESSOR_DEFINITIONS = (
					"DEBUG=1",
					"$(inherited)",
				);
				GCC_WARN_64_TO_32_BIT_CONVERSION = YES;
				GCC_WARN_ABOUT_RETURN_TYPE = YES_ERROR;
				GCC_WARN_UNDECLARED_SELECTOR = YES;
				GCC_WARN_UNINITIALIZED_AUTOS = YES_AGGRESSIVE;
				GCC_WARN_UNUSED_FUNCTION = YES;
				GCC_WARN_UNUSED_VARIABLE = YES;
				IPHONEOS_DEPLOYMENT_TARGET = 15.5;
				MTL_ENABLE_DEBUG_INFO = INCLUDE_SOURCE;
				MTL_FAST_MATH = YES;
				ONLY_ACTIVE_ARCH = YES;
				SDKROOT = iphoneos;
				SWIFT_ACTIVE_COMPILATION_CONDITIONS = PRODUCTION;
				SWIFT_OPTIMIZATION_LEVEL = "-Onone";
			};
			name = Production;
		};
		B04F5EFF29BA3D080047725D /* Production */ = {
			isa = XCBuildConfiguration;
			buildSettings = {
				ASSETCATALOG_COMPILER_APPICON_NAME = AppIcon;
				ASSETCATALOG_COMPILER_GLOBAL_ACCENT_COLOR_NAME = AccentColor;
				CODE_SIGN_STYLE = Automatic;
				CURRENT_PROJECT_VERSION = 1;
				DEVELOPMENT_TEAM = YJ4CD5JJ48;
				GENERATE_INFOPLIST_FILE = YES;
				INFOPLIST_FILE = swift/Info.plist;
				INFOPLIST_KEY_UIApplicationSupportsIndirectInputEvents = YES;
				INFOPLIST_KEY_UILaunchStoryboardName = LaunchScreen;
				INFOPLIST_KEY_UIMainStoryboardFile = Main;
				INFOPLIST_KEY_UISupportedInterfaceOrientations_iPad = "UIInterfaceOrientationPortrait UIInterfaceOrientationPortraitUpsideDown UIInterfaceOrientationLandscapeLeft UIInterfaceOrientationLandscapeRight";
				INFOPLIST_KEY_UISupportedInterfaceOrientations_iPhone = "UIInterfaceOrientationPortrait UIInterfaceOrientationLandscapeLeft UIInterfaceOrientationLandscapeRight";
				LD_RUNPATH_SEARCH_PATHS = (
					"$(inherited)",
					"@executable_path/Frameworks",
				);
				MARKETING_VERSION = 1.0;
				PRODUCT_BUNDLE_IDENTIFIER = com.denny.swift;
				PRODUCT_NAME = "$(TARGET_NAME)";
				SWIFT_EMIT_LOC_STRINGS = YES;
				SWIFT_VERSION = 5.0;
				TARGETED_DEVICE_FAMILY = "1,2";
			};
			name = Production;
		};
		B04F5F0029BA3D080047725D /* Production */ = {
			isa = XCBuildConfiguration;
			buildSettings = {
				ALWAYS_EMBED_SWIFT_STANDARD_LIBRARIES = YES;
				BUNDLE_LOADER = "$(TEST_HOST)";
				CODE_SIGN_STYLE = Automatic;
				CURRENT_PROJECT_VERSION = 1;
				GENERATE_INFOPLIST_FILE = YES;
				IPHONEOS_DEPLOYMENT_TARGET = 15.5;
				MARKETING_VERSION = 1.0;
				PRODUCT_BUNDLE_IDENTIFIER = com.denny.swiftTests;
				PRODUCT_NAME = "$(TARGET_NAME)";
				SWIFT_EMIT_LOC_STRINGS = NO;
				SWIFT_VERSION = 5.0;
				TARGETED_DEVICE_FAMILY = "1,2";
				TEST_HOST = "$(BUILT_PRODUCTS_DIR)/swift.app/swift";
			};
			name = Production;
		};
		B04F5F0129BA3D080047725D /* Production */ = {
			isa = XCBuildConfiguration;
			buildSettings = {
				ALWAYS_EMBED_SWIFT_STANDARD_LIBRARIES = YES;
				CODE_SIGN_STYLE = Automatic;
				CURRENT_PROJECT_VERSION = 1;
				GENERATE_INFOPLIST_FILE = YES;
				MARKETING_VERSION = 1.0;
				PRODUCT_BUNDLE_IDENTIFIER = com.denny.swiftUITests;
				PRODUCT_NAME = "$(TARGET_NAME)";
				SWIFT_EMIT_LOC_STRINGS = NO;
				SWIFT_VERSION = 5.0;
				TARGETED_DEVICE_FAMILY = "1,2";
				TEST_TARGET_NAME = swift;
			};
			name = Production;
		};
		B0797D9E2951B2B500FE9934 /* Debug */ = {
			isa = XCBuildConfiguration;
			buildSettings = {
				ALWAYS_SEARCH_USER_PATHS = NO;
				CLANG_ANALYZER_NONNULL = YES;
				CLANG_ANALYZER_NUMBER_OBJECT_CONVERSION = YES_AGGRESSIVE;
				CLANG_CXX_LANGUAGE_STANDARD = "gnu++17";
				CLANG_ENABLE_MODULES = YES;
				CLANG_ENABLE_OBJC_ARC = YES;
				CLANG_ENABLE_OBJC_WEAK = YES;
				CLANG_WARN_BLOCK_CAPTURE_AUTORELEASING = YES;
				CLANG_WARN_BOOL_CONVERSION = YES;
				CLANG_WARN_COMMA = YES;
				CLANG_WARN_CONSTANT_CONVERSION = YES;
				CLANG_WARN_DEPRECATED_OBJC_IMPLEMENTATIONS = YES;
				CLANG_WARN_DIRECT_OBJC_ISA_USAGE = YES_ERROR;
				CLANG_WARN_DOCUMENTATION_COMMENTS = YES;
				CLANG_WARN_EMPTY_BODY = YES;
				CLANG_WARN_ENUM_CONVERSION = YES;
				CLANG_WARN_INFINITE_RECURSION = YES;
				CLANG_WARN_INT_CONVERSION = YES;
				CLANG_WARN_NON_LITERAL_NULL_CONVERSION = YES;
				CLANG_WARN_OBJC_IMPLICIT_RETAIN_SELF = YES;
				CLANG_WARN_OBJC_LITERAL_CONVERSION = YES;
				CLANG_WARN_OBJC_ROOT_CLASS = YES_ERROR;
				CLANG_WARN_QUOTED_INCLUDE_IN_FRAMEWORK_HEADER = YES;
				CLANG_WARN_RANGE_LOOP_ANALYSIS = YES;
				CLANG_WARN_STRICT_PROTOTYPES = YES;
				CLANG_WARN_SUSPICIOUS_MOVE = YES;
				CLANG_WARN_UNGUARDED_AVAILABILITY = YES_AGGRESSIVE;
				CLANG_WARN_UNREACHABLE_CODE = YES;
				CLANG_WARN__DUPLICATE_METHOD_MATCH = YES;
				COPY_PHASE_STRIP = NO;
				DEBUG_INFORMATION_FORMAT = dwarf;
				ENABLE_STRICT_OBJC_MSGSEND = YES;
				ENABLE_TESTABILITY = YES;
				GCC_C_LANGUAGE_STANDARD = gnu11;
				GCC_DYNAMIC_NO_PIC = NO;
				GCC_NO_COMMON_BLOCKS = YES;
				GCC_OPTIMIZATION_LEVEL = 0;
				GCC_PREPROCESSOR_DEFINITIONS = (
					"DEBUG=1",
					"$(inherited)",
				);
				GCC_WARN_64_TO_32_BIT_CONVERSION = YES;
				GCC_WARN_ABOUT_RETURN_TYPE = YES_ERROR;
				GCC_WARN_UNDECLARED_SELECTOR = YES;
				GCC_WARN_UNINITIALIZED_AUTOS = YES_AGGRESSIVE;
				GCC_WARN_UNUSED_FUNCTION = YES;
				GCC_WARN_UNUSED_VARIABLE = YES;
				IPHONEOS_DEPLOYMENT_TARGET = 15.5;
				MTL_ENABLE_DEBUG_INFO = INCLUDE_SOURCE;
				MTL_FAST_MATH = YES;
				ONLY_ACTIVE_ARCH = YES;
				SDKROOT = iphoneos;
				SWIFT_ACTIVE_COMPILATION_CONDITIONS = DEBUG;
				SWIFT_OPTIMIZATION_LEVEL = "-Onone";
			};
			name = Debug;
		};
		B0797D9F2951B2B500FE9934 /* Release */ = {
			isa = XCBuildConfiguration;
			buildSettings = {
				ALWAYS_SEARCH_USER_PATHS = NO;
				CLANG_ANALYZER_NONNULL = YES;
				CLANG_ANALYZER_NUMBER_OBJECT_CONVERSION = YES_AGGRESSIVE;
				CLANG_CXX_LANGUAGE_STANDARD = "gnu++17";
				CLANG_ENABLE_MODULES = YES;
				CLANG_ENABLE_OBJC_ARC = YES;
				CLANG_ENABLE_OBJC_WEAK = YES;
				CLANG_WARN_BLOCK_CAPTURE_AUTORELEASING = YES;
				CLANG_WARN_BOOL_CONVERSION = YES;
				CLANG_WARN_COMMA = YES;
				CLANG_WARN_CONSTANT_CONVERSION = YES;
				CLANG_WARN_DEPRECATED_OBJC_IMPLEMENTATIONS = YES;
				CLANG_WARN_DIRECT_OBJC_ISA_USAGE = YES_ERROR;
				CLANG_WARN_DOCUMENTATION_COMMENTS = YES;
				CLANG_WARN_EMPTY_BODY = YES;
				CLANG_WARN_ENUM_CONVERSION = YES;
				CLANG_WARN_INFINITE_RECURSION = YES;
				CLANG_WARN_INT_CONVERSION = YES;
				CLANG_WARN_NON_LITERAL_NULL_CONVERSION = YES;
				CLANG_WARN_OBJC_IMPLICIT_RETAIN_SELF = YES;
				CLANG_WARN_OBJC_LITERAL_CONVERSION = YES;
				CLANG_WARN_OBJC_ROOT_CLASS = YES_ERROR;
				CLANG_WARN_QUOTED_INCLUDE_IN_FRAMEWORK_HEADER = YES;
				CLANG_WARN_RANGE_LOOP_ANALYSIS = YES;
				CLANG_WARN_STRICT_PROTOTYPES = YES;
				CLANG_WARN_SUSPICIOUS_MOVE = YES;
				CLANG_WARN_UNGUARDED_AVAILABILITY = YES_AGGRESSIVE;
				CLANG_WARN_UNREACHABLE_CODE = YES;
				CLANG_WARN__DUPLICATE_METHOD_MATCH = YES;
				COPY_PHASE_STRIP = NO;
				DEBUG_INFORMATION_FORMAT = "dwarf-with-dsym";
				ENABLE_NS_ASSERTIONS = NO;
				ENABLE_STRICT_OBJC_MSGSEND = YES;
				GCC_C_LANGUAGE_STANDARD = gnu11;
				GCC_NO_COMMON_BLOCKS = YES;
				GCC_WARN_64_TO_32_BIT_CONVERSION = YES;
				GCC_WARN_ABOUT_RETURN_TYPE = YES_ERROR;
				GCC_WARN_UNDECLARED_SELECTOR = YES;
				GCC_WARN_UNINITIALIZED_AUTOS = YES_AGGRESSIVE;
				GCC_WARN_UNUSED_FUNCTION = YES;
				GCC_WARN_UNUSED_VARIABLE = YES;
				IPHONEOS_DEPLOYMENT_TARGET = 15.5;
				MTL_ENABLE_DEBUG_INFO = NO;
				MTL_FAST_MATH = YES;
				SDKROOT = iphoneos;
				SWIFT_COMPILATION_MODE = wholemodule;
				SWIFT_OPTIMIZATION_LEVEL = "-O";
				VALIDATE_PRODUCT = YES;
			};
			name = Release;
		};
		B0797DA12951B2B500FE9934 /* Debug */ = {
			isa = XCBuildConfiguration;
			buildSettings = {
				ASSETCATALOG_COMPILER_APPICON_NAME = AppIcon;
				ASSETCATALOG_COMPILER_GLOBAL_ACCENT_COLOR_NAME = AccentColor;
				CODE_SIGN_STYLE = Automatic;
				CURRENT_PROJECT_VERSION = 1;
				DEVELOPMENT_TEAM = YJ4CD5JJ48;
				GENERATE_INFOPLIST_FILE = YES;
				INFOPLIST_FILE = swift/Info.plist;
				INFOPLIST_KEY_UIApplicationSupportsIndirectInputEvents = YES;
				INFOPLIST_KEY_UILaunchStoryboardName = LaunchScreen;
				INFOPLIST_KEY_UIMainStoryboardFile = Main;
				INFOPLIST_KEY_UISupportedInterfaceOrientations_iPad = "UIInterfaceOrientationPortrait UIInterfaceOrientationPortraitUpsideDown UIInterfaceOrientationLandscapeLeft UIInterfaceOrientationLandscapeRight";
				INFOPLIST_KEY_UISupportedInterfaceOrientations_iPhone = "UIInterfaceOrientationPortrait UIInterfaceOrientationLandscapeLeft UIInterfaceOrientationLandscapeRight";
				LD_RUNPATH_SEARCH_PATHS = (
					"$(inherited)",
					"@executable_path/Frameworks",
				);
				MARKETING_VERSION = 1.0;
				PRODUCT_BUNDLE_IDENTIFIER = com.denny.swift;
				PRODUCT_NAME = "$(TARGET_NAME)";
				SWIFT_EMIT_LOC_STRINGS = YES;
				SWIFT_VERSION = 5.0;
				TARGETED_DEVICE_FAMILY = "1,2";
			};
			name = Debug;
		};
		B0797DA22951B2B500FE9934 /* Release */ = {
			isa = XCBuildConfiguration;
			buildSettings = {
				ASSETCATALOG_COMPILER_APPICON_NAME = AppIcon;
				ASSETCATALOG_COMPILER_GLOBAL_ACCENT_COLOR_NAME = AccentColor;
				CODE_SIGN_STYLE = Automatic;
				CURRENT_PROJECT_VERSION = 1;
				DEVELOPMENT_TEAM = YJ4CD5JJ48;
				GENERATE_INFOPLIST_FILE = YES;
				INFOPLIST_FILE = swift/Info.plist;
				INFOPLIST_KEY_UIApplicationSupportsIndirectInputEvents = YES;
				INFOPLIST_KEY_UILaunchStoryboardName = LaunchScreen;
				INFOPLIST_KEY_UIMainStoryboardFile = Main;
				INFOPLIST_KEY_UISupportedInterfaceOrientations_iPad = "UIInterfaceOrientationPortrait UIInterfaceOrientationPortraitUpsideDown UIInterfaceOrientationLandscapeLeft UIInterfaceOrientationLandscapeRight";
				INFOPLIST_KEY_UISupportedInterfaceOrientations_iPhone = "UIInterfaceOrientationPortrait UIInterfaceOrientationLandscapeLeft UIInterfaceOrientationLandscapeRight";
				LD_RUNPATH_SEARCH_PATHS = (
					"$(inherited)",
					"@executable_path/Frameworks",
				);
				MARKETING_VERSION = 1.0;
				PRODUCT_BUNDLE_IDENTIFIER = com.denny.swift;
				PRODUCT_NAME = "$(TARGET_NAME)";
				SWIFT_EMIT_LOC_STRINGS = YES;
				SWIFT_VERSION = 5.0;
				TARGETED_DEVICE_FAMILY = "1,2";
			};
			name = Release;
		};
		B0797DA42951B2B500FE9934 /* Debug */ = {
			isa = XCBuildConfiguration;
			buildSettings = {
				ALWAYS_EMBED_SWIFT_STANDARD_LIBRARIES = YES;
				BUNDLE_LOADER = "$(TEST_HOST)";
				CODE_SIGN_STYLE = Automatic;
				CURRENT_PROJECT_VERSION = 1;
				GENERATE_INFOPLIST_FILE = YES;
				IPHONEOS_DEPLOYMENT_TARGET = 15.5;
				MARKETING_VERSION = 1.0;
				PRODUCT_BUNDLE_IDENTIFIER = com.denny.swiftTests;
				PRODUCT_NAME = "$(TARGET_NAME)";
				SWIFT_EMIT_LOC_STRINGS = NO;
				SWIFT_VERSION = 5.0;
				TARGETED_DEVICE_FAMILY = "1,2";
				TEST_HOST = "$(BUILT_PRODUCTS_DIR)/swift.app/swift";
			};
			name = Debug;
		};
		B0797DA52951B2B500FE9934 /* Release */ = {
			isa = XCBuildConfiguration;
			buildSettings = {
				ALWAYS_EMBED_SWIFT_STANDARD_LIBRARIES = YES;
				BUNDLE_LOADER = "$(TEST_HOST)";
				CODE_SIGN_STYLE = Automatic;
				CURRENT_PROJECT_VERSION = 1;
				GENERATE_INFOPLIST_FILE = YES;
				IPHONEOS_DEPLOYMENT_TARGET = 15.5;
				MARKETING_VERSION = 1.0;
				PRODUCT_BUNDLE_IDENTIFIER = com.denny.swiftTests;
				PRODUCT_NAME = "$(TARGET_NAME)";
				SWIFT_EMIT_LOC_STRINGS = NO;
				SWIFT_VERSION = 5.0;
				TARGETED_DEVICE_FAMILY = "1,2";
				TEST_HOST = "$(BUILT_PRODUCTS_DIR)/swift.app/swift";
			};
			name = Release;
		};
		B0797DA72951B2B500FE9934 /* Debug */ = {
			isa = XCBuildConfiguration;
			buildSettings = {
				ALWAYS_EMBED_SWIFT_STANDARD_LIBRARIES = YES;
				CODE_SIGN_STYLE = Automatic;
				CURRENT_PROJECT_VERSION = 1;
				GENERATE_INFOPLIST_FILE = YES;
				MARKETING_VERSION = 1.0;
				PRODUCT_BUNDLE_IDENTIFIER = com.denny.swiftUITests;
				PRODUCT_NAME = "$(TARGET_NAME)";
				SWIFT_EMIT_LOC_STRINGS = NO;
				SWIFT_VERSION = 5.0;
				TARGETED_DEVICE_FAMILY = "1,2";
				TEST_TARGET_NAME = swift;
			};
			name = Debug;
		};
		B0797DA82951B2B500FE9934 /* Release */ = {
			isa = XCBuildConfiguration;
			buildSettings = {
				ALWAYS_EMBED_SWIFT_STANDARD_LIBRARIES = YES;
				CODE_SIGN_STYLE = Automatic;
				CURRENT_PROJECT_VERSION = 1;
				GENERATE_INFOPLIST_FILE = YES;
				MARKETING_VERSION = 1.0;
				PRODUCT_BUNDLE_IDENTIFIER = com.denny.swiftUITests;
				PRODUCT_NAME = "$(TARGET_NAME)";
				SWIFT_EMIT_LOC_STRINGS = NO;
				SWIFT_VERSION = 5.0;
				TARGETED_DEVICE_FAMILY = "1,2";
				TEST_TARGET_NAME = swift;
			};
			name = Release;
		};
/* End XCBuildConfiguration section */

/* Begin XCConfigurationList section */
		B0797D712951B2B300FE9934 /* Build configuration list for PBXProject "swift" */ = {
			isa = XCConfigurationList;
			buildConfigurations = (
				B0797D9E2951B2B500FE9934 /* Debug */,
				B04F5EFE29BA3D080047725D /* Production */,
				B0797D9F2951B2B500FE9934 /* Release */,
			);
			defaultConfigurationIsVisible = 0;
			defaultConfigurationName = Release;
		};
		B0797DA02951B2B500FE9934 /* Build configuration list for PBXNativeTarget "swift" */ = {
			isa = XCConfigurationList;
			buildConfigurations = (
				B0797DA12951B2B500FE9934 /* Debug */,
				B04F5EFF29BA3D080047725D /* Production */,
				B0797DA22951B2B500FE9934 /* Release */,
			);
			defaultConfigurationIsVisible = 0;
			defaultConfigurationName = Release;
		};
		B0797DA32951B2B500FE9934 /* Build configuration list for PBXNativeTarget "swiftTests" */ = {
			isa = XCConfigurationList;
			buildConfigurations = (
				B0797DA42951B2B500FE9934 /* Debug */,
				B04F5F0029BA3D080047725D /* Production */,
				B0797DA52951B2B500FE9934 /* Release */,
			);
			defaultConfigurationIsVisible = 0;
			defaultConfigurationName = Release;
		};
		B0797DA62951B2B500FE9934 /* Build configuration list for PBXNativeTarget "swiftUITests" */ = {
			isa = XCConfigurationList;
			buildConfigurations = (
				B0797DA72951B2B500FE9934 /* Debug */,
				B04F5F0129BA3D080047725D /* Production */,
				B0797DA82951B2B500FE9934 /* Release */,
			);
			defaultConfigurationIsVisible = 0;
			defaultConfigurationName = Release;
		};
/* End XCConfigurationList section */

/* Begin XCVersionGroup section */
		B03FFE2129549AF70089EF7F /* TodoList.xcdatamodeld */ = {
			isa = XCVersionGroup;
			children = (
				B03FFE2229549AF70089EF7F /* TodoList.xcdatamodel */,
			);
			currentVersion = B03FFE2229549AF70089EF7F /* TodoList.xcdatamodel */;
			path = TodoList.xcdatamodeld;
			sourceTree = "<group>";
			versionGroupType = wrapper.xcdatamodel;
		};
/* End XCVersionGroup section */
	};
	rootObject = B0797D6E2951B2B300FE9934 /* Project object */;
}
